
Microsoft Visual Studio Solution File, Format Version 12.00
# Visual Studio Version 17
VisualStudioVersion = 17.5.33516.290
MinimumVisualStudioVersion = 10.0.40219.1
Project("{FAE04EC0-301F-11D3-BF4B-00C04F79EFBC}") = "MovieCatalog.WebApp", "MovieCatalog.WebApp\MovieCatalog.WebApp.csproj", "{A7EF4153-13BE-446D-AD8D-5FE61C27A469}"
EndProject
Global
	GlobalSection(SolutionConfigurationPlatforms) = preSolution
		Debug|Any CPU = Debug|Any CPU
		Release|Any CPU = Release|Any CPU
	EndGlobalSection
	GlobalSection(ProjectConfigurationPlatforms) = postSolution
		{A7EF4153-13BE-446D-AD8D-5FE61C27A469}.Debug|Any CPU.ActiveCfg = Debug|Any CPU
		{A7EF4153-13BE-446D-AD8D-5FE61C27A469}.Debug|Any CPU.Build.0 = Debug|Any CPU
		{A7EF4153-13BE-446D-AD8D-5FE61C27A469}.Release|Any CPU.ActiveCfg = Release|Any CPU
		{A7EF4153-13BE-446D-AD8D-5FE61C27A469}.Release|Any CPU.Build.0 = Release|Any CPU
	EndGlobalSection
	GlobalSection(SolutionProperties) = preSolution
		HideSolutionNode = FALSE
	EndGlobalSection
	GlobalSection(ExtensibilityGlobals) = postSolution
		SolutionGuid = {BB093601-02DF-4960-8A48-BE9FDA5D96BD}
	EndGlobalSection
EndGlobal
